
Microsoft Visual Studio Solution File, Format Version 12.00
# Visual Studio Version 17
VisualStudioVersion = 17.11.35303.130
MinimumVisualStudioVersion = 10.0.40219.1
Project("{9A19103F-16F7-4668-BE54-9A1E7A4F7556}") = "ProjetoAI_OpenAI", "ProjetoAI_OpenAI\ProjetoAI_OpenAI.csproj", "{3982FB90-1924-4728-ADA0-623376D804B1}"
EndProject
Project("{9A19103F-16F7-4668-BE54-9A1E7A4F7556}") = "ProjetoAI_Grok", "ProjetoAI_Grok\ProjetoAI_Grok.csproj", "{A16F6AFD-6565-42A5-A46F-6E5964F69E88}"
EndProject
Project("{9A19103F-16F7-4668-BE54-9A1E7A4F7556}") = "ProjetoAI_Gemini", "ProjetoAI_Gemini\ProjetoAI_Gemini.csproj", "{4A7ABB18-A727-477B-91DD-1D2FBE83F997}"
EndProject
Project("{9A19103F-16F7-4668-BE54-9A1E7A4F7556}") = "ProjetoAI_DeepSeek", "ProjetoAI_DeepSeek\ProjetoAI_DeepSeek.csproj", "{AF4EE08E-EFAF-457D-877B-D11C822A20A4}"
EndProject
Global
	GlobalSection(SolutionConfigurationPlatforms) = preSolution
		Debug|Any CPU = Debug|Any CPU
		Release|Any CPU = Release|Any CPU
	EndGlobalSection
	GlobalSection(ProjectConfigurationPlatforms) = postSolution
		{3982FB90-1924-4728-ADA0-623376D804B1}.Debug|Any CPU.ActiveCfg = Debug|Any CPU
		{3982FB90-1924-4728-ADA0-623376D804B1}.Debug|Any CPU.Build.0 = Debug|Any CPU
		{3982FB90-1924-4728-ADA0-623376D804B1}.Release|Any CPU.ActiveCfg = Release|Any CPU
		{3982FB90-1924-4728-ADA0-623376D804B1}.Release|Any CPU.Build.0 = Release|Any CPU
		{A16F6AFD-6565-42A5-A46F-6E5964F69E88}.Debug|Any CPU.ActiveCfg = Debug|Any CPU
		{A16F6AFD-6565-42A5-A46F-6E5964F69E88}.Debug|Any CPU.Build.0 = Debug|Any CPU
		{A16F6AFD-6565-42A5-A46F-6E5964F69E88}.Release|Any CPU.ActiveCfg = Release|Any CPU
		{A16F6AFD-6565-42A5-A46F-6E5964F69E88}.Release|Any CPU.Build.0 = Release|Any CPU
		{4A7ABB18-A727-477B-91DD-1D2FBE83F997}.Debug|Any CPU.ActiveCfg = Debug|Any CPU
		{4A7ABB18-A727-477B-91DD-1D2FBE83F997}.Debug|Any CPU.Build.0 = Debug|Any CPU
		{4A7ABB18-A727-477B-91DD-1D2FBE83F997}.Release|Any CPU.ActiveCfg = Release|Any CPU
		{4A7ABB18-A727-477B-91DD-1D2FBE83F997}.Release|Any CPU.Build.0 = Release|Any CPU
		{AF4EE08E-EFAF-457D-877B-D11C822A20A4}.Debug|Any CPU.ActiveCfg = Debug|Any CPU
		{AF4EE08E-EFAF-457D-877B-D11C822A20A4}.Debug|Any CPU.Build.0 = Debug|Any CPU
		{AF4EE08E-EFAF-457D-877B-D11C822A20A4}.Release|Any CPU.ActiveCfg = Release|Any CPU
		{AF4EE08E-EFAF-457D-877B-D11C822A20A4}.Release|Any CPU.Build.0 = Release|Any CPU
	EndGlobalSection
	GlobalSection(SolutionProperties) = preSolution
		HideSolutionNode = FALSE
	EndGlobalSection
	GlobalSection(ExtensibilityGlobals) = postSolution
		SolutionGuid = {151D051E-46EB-43C3-A994-059A834EF4AF}
	EndGlobalSection
EndGlobal
